<?xml version="1.0" encoding="UTF-8"?>
<CodeBlocks_project_file>
	<FileVersion major="1" minor="6"/>
	<Project>
		<Option title="analyzer"/>
		<Option makefile_is_custom="1"/>
		<Option compiler="gcc"/>
		<Option virtualFolders="CMake Files\;CMake Files\lib\;CMake Files\src\;"/>
		<Build>
			<Target title="all">
				<Option working_dir="/Users/songl/OneDrive/TLE-analyzer/build-debug"/>
				<Option type="4"/>
				<MakeCommands>
					<Build command="/usr/bin/make -j8 -f &quot;/Users/songl/OneDrive/TLE-analyzer/build-debug/Makefile&quot;  VERBOSE=1 all"/>
					<CompileFile command="/usr/bin/make -j8 -f &quot;/Users/songl/OneDrive/TLE-analyzer/build-debug/Makefile&quot;  VERBOSE=1 &quot;$file&quot;"/>
					<Clean command="/usr/bin/make -j8 -f &quot;/Users/songl/OneDrive/TLE-analyzer/build-debug/Makefile&quot;  VERBOSE=1 clean"/>
					<DistClean command="/usr/bin/make -j8 -f &quot;/Users/songl/OneDrive/TLE-analyzer/build-debug/Makefile&quot;  VERBOSE=1 clean"/>
				</MakeCommands>
			</Target>
			<Target title="rebuild_cache">
				<Option working_dir="/Users/songl/OneDrive/TLE-analyzer/build-debug"/>
				<Option type="4"/>
				<MakeCommands>
					<Build command="/usr/bin/make -j8 -f &quot;/Users/songl/OneDrive/TLE-analyzer/build-debug/Makefile&quot;  VERBOSE=1 rebuild_cache"/>
					<CompileFile command="/usr/bin/make -j8 -f &quot;/Users/songl/OneDrive/TLE-analyzer/build-debug/Makefile&quot;  VERBOSE=1 &quot;$file&quot;"/>
					<Clean command="/usr/bin/make -j8 -f &quot;/Users/songl/OneDrive/TLE-analyzer/build-debug/Makefile&quot;  VERBOSE=1 clean"/>
					<DistClean command="/usr/bin/make -j8 -f &quot;/Users/songl/OneDrive/TLE-analyzer/build-debug/Makefile&quot;  VERBOSE=1 clean"/>
				</MakeCommands>
			</Target>
			<Target title="edit_cache">
				<Option working_dir="/Users/songl/OneDrive/TLE-analyzer/build-debug"/>
				<Option type="4"/>
				<MakeCommands>
					<Build command="/usr/bin/make -j8 -f &quot;/Users/songl/OneDrive/TLE-analyzer/build-debug/Makefile&quot;  VERBOSE=1 edit_cache"/>
					<CompileFile command="/usr/bin/make -j8 -f &quot;/Users/songl/OneDrive/TLE-analyzer/build-debug/Makefile&quot;  VERBOSE=1 &quot;$file&quot;"/>
					<Clean command="/usr/bin/make -j8 -f &quot;/Users/songl/OneDrive/TLE-analyzer/build-debug/Makefile&quot;  VERBOSE=1 clean"/>
					<DistClean command="/usr/bin/make -j8 -f &quot;/Users/songl/OneDrive/TLE-analyzer/build-debug/Makefile&quot;  VERBOSE=1 clean"/>
				</MakeCommands>
			</Target>
			<Target title="loopEscape">
				<Option output="/Users/songl/OneDrive/TLE-analyzer/build-debug/lib/libloopEscape.dylib" prefix_auto="0" extension_auto="0"/>
				<Option working_dir="/Users/songl/OneDrive/TLE-analyzer/build-debug/lib"/>
				<Option object_output="./"/>
				<Option type="3"/>
				<Option compiler="gcc"/>
				<Compiler>
					<Add directory="/usr/local/opt/llvm/include"/>
					<Add directory="/Users/songl/OneDrive/TLE-analyzer/include"/>
					<Add directory="/Library/Developer/CommandLineTools/usr/include/c++/v1"/>
					<Add directory="/usr/local/include"/>
					<Add directory="/Library/Developer/CommandLineTools/usr/lib/clang/10.0.0/include"/>
					<Add directory="/Library/Developer/CommandLineTools/usr/include"/>
					<Add directory="/System/Library/Frameworks"/>
					<Add directory="/Library/Frameworks"/>
				</Compiler>
				<MakeCommands>
					<Build command="/usr/bin/make -j8 -f &quot;/Users/songl/OneDrive/TLE-analyzer/build-debug/lib/Makefile&quot;  VERBOSE=1 loopEscape"/>
					<CompileFile command="/usr/bin/make -j8 -f &quot;/Users/songl/OneDrive/TLE-analyzer/build-debug/lib/Makefile&quot;  VERBOSE=1 &quot;$file&quot;"/>
					<Clean command="/usr/bin/make -j8 -f &quot;/Users/songl/OneDrive/TLE-analyzer/build-debug/lib/Makefile&quot;  VERBOSE=1 clean"/>
					<DistClean command="/usr/bin/make -j8 -f &quot;/Users/songl/OneDrive/TLE-analyzer/build-debug/lib/Makefile&quot;  VERBOSE=1 clean"/>
				</MakeCommands>
			</Target>
			<Target title="loopEscape/fast">
				<Option output="/Users/songl/OneDrive/TLE-analyzer/build-debug/lib/libloopEscape.dylib" prefix_auto="0" extension_auto="0"/>
				<Option working_dir="/Users/songl/OneDrive/TLE-analyzer/build-debug/lib"/>
				<Option object_output="./"/>
				<Option type="3"/>
				<Option compiler="gcc"/>
				<Compiler>
					<Add directory="/usr/local/opt/llvm/include"/>
					<Add directory="/Users/songl/OneDrive/TLE-analyzer/include"/>
					<Add directory="/Library/Developer/CommandLineTools/usr/include/c++/v1"/>
					<Add directory="/usr/local/include"/>
					<Add directory="/Library/Developer/CommandLineTools/usr/lib/clang/10.0.0/include"/>
					<Add directory="/Library/Developer/CommandLineTools/usr/include"/>
					<Add directory="/System/Library/Frameworks"/>
					<Add directory="/Library/Frameworks"/>
				</Compiler>
				<MakeCommands>
					<Build command="/usr/bin/make -j8 -f &quot;/Users/songl/OneDrive/TLE-analyzer/build-debug/lib/Makefile&quot;  VERBOSE=1 loopEscape/fast"/>
					<CompileFile command="/usr/bin/make -j8 -f &quot;/Users/songl/OneDrive/TLE-analyzer/build-debug/lib/Makefile&quot;  VERBOSE=1 &quot;$file&quot;"/>
					<Clean command="/usr/bin/make -j8 -f &quot;/Users/songl/OneDrive/TLE-analyzer/build-debug/lib/Makefile&quot;  VERBOSE=1 clean"/>
					<DistClean command="/usr/bin/make -j8 -f &quot;/Users/songl/OneDrive/TLE-analyzer/build-debug/lib/Makefile&quot;  VERBOSE=1 clean"/>
				</MakeCommands>
			</Target>
			<Target title="moduleManager">
				<Option output="/Users/songl/OneDrive/TLE-analyzer/build-debug/lib/libmoduleManager.dylib" prefix_auto="0" extension_auto="0"/>
				<Option working_dir="/Users/songl/OneDrive/TLE-analyzer/build-debug/lib"/>
				<Option object_output="./"/>
				<Option type="3"/>
				<Option compiler="gcc"/>
				<Compiler>
					<Add directory="/usr/local/opt/llvm/include"/>
					<Add directory="/Users/songl/OneDrive/TLE-analyzer/include"/>
					<Add directory="/Library/Developer/CommandLineTools/usr/include/c++/v1"/>
					<Add directory="/usr/local/include"/>
					<Add directory="/Library/Developer/CommandLineTools/usr/lib/clang/10.0.0/include"/>
					<Add directory="/Library/Developer/CommandLineTools/usr/include"/>
					<Add directory="/System/Library/Frameworks"/>
					<Add directory="/Library/Frameworks"/>
				</Compiler>
				<MakeCommands>
					<Build command="/usr/bin/make -j8 -f &quot;/Users/songl/OneDrive/TLE-analyzer/build-debug/lib/Makefile&quot;  VERBOSE=1 moduleManager"/>
					<CompileFile command="/usr/bin/make -j8 -f &quot;/Users/songl/OneDrive/TLE-analyzer/build-debug/lib/Makefile&quot;  VERBOSE=1 &quot;$file&quot;"/>
					<Clean command="/usr/bin/make -j8 -f &quot;/Users/songl/OneDrive/TLE-analyzer/build-debug/lib/Makefile&quot;  VERBOSE=1 clean"/>
					<DistClean command="/usr/bin/make -j8 -f &quot;/Users/songl/OneDrive/TLE-analyzer/build-debug/lib/Makefile&quot;  VERBOSE=1 clean"/>
				</MakeCommands>
			</Target>
			<Target title="moduleManager/fast">
				<Option output="/Users/songl/OneDrive/TLE-analyzer/build-debug/lib/libmoduleManager.dylib" prefix_auto="0" extension_auto="0"/>
				<Option working_dir="/Users/songl/OneDrive/TLE-analyzer/build-debug/lib"/>
				<Option object_output="./"/>
				<Option type="3"/>
				<Option compiler="gcc"/>
				<Compiler>
					<Add directory="/usr/local/opt/llvm/include"/>
					<Add directory="/Users/songl/OneDrive/TLE-analyzer/include"/>
					<Add directory="/Library/Developer/CommandLineTools/usr/include/c++/v1"/>
					<Add directory="/usr/local/include"/>
					<Add directory="/Library/Developer/CommandLineTools/usr/lib/clang/10.0.0/include"/>
					<Add directory="/Library/Developer/CommandLineTools/usr/include"/>
					<Add directory="/System/Library/Frameworks"/>
					<Add directory="/Library/Frameworks"/>
				</Compiler>
				<MakeCommands>
					<Build command="/usr/bin/make -j8 -f &quot;/Users/songl/OneDrive/TLE-analyzer/build-debug/lib/Makefile&quot;  VERBOSE=1 moduleManager/fast"/>
					<CompileFile command="/usr/bin/make -j8 -f &quot;/Users/songl/OneDrive/TLE-analyzer/build-debug/lib/Makefile&quot;  VERBOSE=1 &quot;$file&quot;"/>
					<Clean command="/usr/bin/make -j8 -f &quot;/Users/songl/OneDrive/TLE-analyzer/build-debug/lib/Makefile&quot;  VERBOSE=1 clean"/>
					<DistClean command="/usr/bin/make -j8 -f &quot;/Users/songl/OneDrive/TLE-analyzer/build-debug/lib/Makefile&quot;  VERBOSE=1 clean"/>
				</MakeCommands>
			</Target>
			<Target title="loopFinder">
				<Option output="/Users/songl/OneDrive/TLE-analyzer/build-debug/lib/libloopFinder.dylib" prefix_auto="0" extension_auto="0"/>
				<Option working_dir="/Users/songl/OneDrive/TLE-analyzer/build-debug/lib"/>
				<Option object_output="./"/>
				<Option type="3"/>
				<Option compiler="gcc"/>
				<Compiler>
					<Add directory="/usr/local/opt/llvm/include"/>
					<Add directory="/Users/songl/OneDrive/TLE-analyzer/include"/>
					<Add directory="/Library/Developer/CommandLineTools/usr/include/c++/v1"/>
					<Add directory="/usr/local/include"/>
					<Add directory="/Library/Developer/CommandLineTools/usr/lib/clang/10.0.0/include"/>
					<Add directory="/Library/Developer/CommandLineTools/usr/include"/>
					<Add directory="/System/Library/Frameworks"/>
					<Add directory="/Library/Frameworks"/>
				</Compiler>
				<MakeCommands>
					<Build command="/usr/bin/make -j8 -f &quot;/Users/songl/OneDrive/TLE-analyzer/build-debug/lib/Makefile&quot;  VERBOSE=1 loopFinder"/>
					<CompileFile command="/usr/bin/make -j8 -f &quot;/Users/songl/OneDrive/TLE-analyzer/build-debug/lib/Makefile&quot;  VERBOSE=1 &quot;$file&quot;"/>
					<Clean command="/usr/bin/make -j8 -f &quot;/Users/songl/OneDrive/TLE-analyzer/build-debug/lib/Makefile&quot;  VERBOSE=1 clean"/>
					<DistClean command="/usr/bin/make -j8 -f &quot;/Users/songl/OneDrive/TLE-analyzer/build-debug/lib/Makefile&quot;  VERBOSE=1 clean"/>
				</MakeCommands>
			</Target>
			<Target title="loopFinder/fast">
				<Option output="/Users/songl/OneDrive/TLE-analyzer/build-debug/lib/libloopFinder.dylib" prefix_auto="0" extension_auto="0"/>
				<Option working_dir="/Users/songl/OneDrive/TLE-analyzer/build-debug/lib"/>
				<Option object_output="./"/>
				<Option type="3"/>
				<Option compiler="gcc"/>
				<Compiler>
					<Add directory="/usr/local/opt/llvm/include"/>
					<Add directory="/Users/songl/OneDrive/TLE-analyzer/include"/>
					<Add directory="/Library/Developer/CommandLineTools/usr/include/c++/v1"/>
					<Add directory="/usr/local/include"/>
					<Add directory="/Library/Developer/CommandLineTools/usr/lib/clang/10.0.0/include"/>
					<Add directory="/Library/Developer/CommandLineTools/usr/include"/>
					<Add directory="/System/Library/Frameworks"/>
					<Add directory="/Library/Frameworks"/>
				</Compiler>
				<MakeCommands>
					<Build command="/usr/bin/make -j8 -f &quot;/Users/songl/OneDrive/TLE-analyzer/build-debug/lib/Makefile&quot;  VERBOSE=1 loopFinder/fast"/>
					<CompileFile command="/usr/bin/make -j8 -f &quot;/Users/songl/OneDrive/TLE-analyzer/build-debug/lib/Makefile&quot;  VERBOSE=1 &quot;$file&quot;"/>
					<Clean command="/usr/bin/make -j8 -f &quot;/Users/songl/OneDrive/TLE-analyzer/build-debug/lib/Makefile&quot;  VERBOSE=1 clean"/>
					<DistClean command="/usr/bin/make -j8 -f &quot;/Users/songl/OneDrive/TLE-analyzer/build-debug/lib/Makefile&quot;  VERBOSE=1 clean"/>
				</MakeCommands>
			</Target>
			<Target title="blockContainer">
				<Option output="/Users/songl/OneDrive/TLE-analyzer/build-debug/lib/libblockContainer.dylib" prefix_auto="0" extension_auto="0"/>
				<Option working_dir="/Users/songl/OneDrive/TLE-analyzer/build-debug/lib"/>
				<Option object_output="./"/>
				<Option type="3"/>
				<Option compiler="gcc"/>
				<Compiler>
					<Add directory="/usr/local/opt/llvm/include"/>
					<Add directory="/Users/songl/OneDrive/TLE-analyzer/include"/>
					<Add directory="/Library/Developer/CommandLineTools/usr/include/c++/v1"/>
					<Add directory="/usr/local/include"/>
					<Add directory="/Library/Developer/CommandLineTools/usr/lib/clang/10.0.0/include"/>
					<Add directory="/Library/Developer/CommandLineTools/usr/include"/>
					<Add directory="/System/Library/Frameworks"/>
					<Add directory="/Library/Frameworks"/>
				</Compiler>
				<MakeCommands>
					<Build command="/usr/bin/make -j8 -f &quot;/Users/songl/OneDrive/TLE-analyzer/build-debug/lib/Makefile&quot;  VERBOSE=1 blockContainer"/>
					<CompileFile command="/usr/bin/make -j8 -f &quot;/Users/songl/OneDrive/TLE-analyzer/build-debug/lib/Makefile&quot;  VERBOSE=1 &quot;$file&quot;"/>
					<Clean command="/usr/bin/make -j8 -f &quot;/Users/songl/OneDrive/TLE-analyzer/build-debug/lib/Makefile&quot;  VERBOSE=1 clean"/>
					<DistClean command="/usr/bin/make -j8 -f &quot;/Users/songl/OneDrive/TLE-analyzer/build-debug/lib/Makefile&quot;  VERBOSE=1 clean"/>
				</MakeCommands>
			</Target>
			<Target title="blockContainer/fast">
				<Option output="/Users/songl/OneDrive/TLE-analyzer/build-debug/lib/libblockContainer.dylib" prefix_auto="0" extension_auto="0"/>
				<Option working_dir="/Users/songl/OneDrive/TLE-analyzer/build-debug/lib"/>
				<Option object_output="./"/>
				<Option type="3"/>
				<Option compiler="gcc"/>
				<Compiler>
					<Add directory="/usr/local/opt/llvm/include"/>
					<Add directory="/Users/songl/OneDrive/TLE-analyzer/include"/>
					<Add directory="/Library/Developer/CommandLineTools/usr/include/c++/v1"/>
					<Add directory="/usr/local/include"/>
					<Add directory="/Library/Developer/CommandLineTools/usr/lib/clang/10.0.0/include"/>
					<Add directory="/Library/Developer/CommandLineTools/usr/include"/>
					<Add directory="/System/Library/Frameworks"/>
					<Add directory="/Library/Frameworks"/>
				</Compiler>
				<MakeCommands>
					<Build command="/usr/bin/make -j8 -f &quot;/Users/songl/OneDrive/TLE-analyzer/build-debug/lib/Makefile&quot;  VERBOSE=1 blockContainer/fast"/>
					<CompileFile command="/usr/bin/make -j8 -f &quot;/Users/songl/OneDrive/TLE-analyzer/build-debug/lib/Makefile&quot;  VERBOSE=1 &quot;$file&quot;"/>
					<Clean command="/usr/bin/make -j8 -f &quot;/Users/songl/OneDrive/TLE-analyzer/build-debug/lib/Makefile&quot;  VERBOSE=1 clean"/>
					<DistClean command="/usr/bin/make -j8 -f &quot;/Users/songl/OneDrive/TLE-analyzer/build-debug/lib/Makefile&quot;  VERBOSE=1 clean"/>
				</MakeCommands>
			</Target>
			<Target title="util">
				<Option output="/Users/songl/OneDrive/TLE-analyzer/build-debug/lib/libutil.dylib" prefix_auto="0" extension_auto="0"/>
				<Option working_dir="/Users/songl/OneDrive/TLE-analyzer/build-debug/lib"/>
				<Option object_output="./"/>
				<Option type="3"/>
				<Option compiler="gcc"/>
				<Compiler>
					<Add directory="/usr/local/opt/llvm/include"/>
					<Add directory="/Users/songl/OneDrive/TLE-analyzer/include"/>
					<Add directory="/Library/Developer/CommandLineTools/usr/include/c++/v1"/>
					<Add directory="/usr/local/include"/>
					<Add directory="/Library/Developer/CommandLineTools/usr/lib/clang/10.0.0/include"/>
					<Add directory="/Library/Developer/CommandLineTools/usr/include"/>
					<Add directory="/System/Library/Frameworks"/>
					<Add directory="/Library/Frameworks"/>
				</Compiler>
				<MakeCommands>
					<Build command="/usr/bin/make -j8 -f &quot;/Users/songl/OneDrive/TLE-analyzer/build-debug/lib/Makefile&quot;  VERBOSE=1 util"/>
					<CompileFile command="/usr/bin/make -j8 -f &quot;/Users/songl/OneDrive/TLE-analyzer/build-debug/lib/Makefile&quot;  VERBOSE=1 &quot;$file&quot;"/>
					<Clean command="/usr/bin/make -j8 -f &quot;/Users/songl/OneDrive/TLE-analyzer/build-debug/lib/Makefile&quot;  VERBOSE=1 clean"/>
					<DistClean command="/usr/bin/make -j8 -f &quot;/Users/songl/OneDrive/TLE-analyzer/build-debug/lib/Makefile&quot;  VERBOSE=1 clean"/>
				</MakeCommands>
			</Target>
			<Target title="util/fast">
				<Option output="/Users/songl/OneDrive/TLE-analyzer/build-debug/lib/libutil.dylib" prefix_auto="0" extension_auto="0"/>
				<Option working_dir="/Users/songl/OneDrive/TLE-analyzer/build-debug/lib"/>
				<Option object_output="./"/>
				<Option type="3"/>
				<Option compiler="gcc"/>
				<Compiler>
					<Add directory="/usr/local/opt/llvm/include"/>
					<Add directory="/Users/songl/OneDrive/TLE-analyzer/include"/>
					<Add directory="/Library/Developer/CommandLineTools/usr/include/c++/v1"/>
					<Add directory="/usr/local/include"/>
					<Add directory="/Library/Developer/CommandLineTools/usr/lib/clang/10.0.0/include"/>
					<Add directory="/Library/Developer/CommandLineTools/usr/include"/>
					<Add directory="/System/Library/Frameworks"/>
					<Add directory="/Library/Frameworks"/>
				</Compiler>
				<MakeCommands>
					<Build command="/usr/bin/make -j8 -f &quot;/Users/songl/OneDrive/TLE-analyzer/build-debug/lib/Makefile&quot;  VERBOSE=1 util/fast"/>
					<CompileFile command="/usr/bin/make -j8 -f &quot;/Users/songl/OneDrive/TLE-analyzer/build-debug/lib/Makefile&quot;  VERBOSE=1 &quot;$file&quot;"/>
					<Clean command="/usr/bin/make -j8 -f &quot;/Users/songl/OneDrive/TLE-analyzer/build-debug/lib/Makefile&quot;  VERBOSE=1 clean"/>
					<DistClean command="/usr/bin/make -j8 -f &quot;/Users/songl/OneDrive/TLE-analyzer/build-debug/lib/Makefile&quot;  VERBOSE=1 clean"/>
				</MakeCommands>
			</Target>
			<Target title="analyzer">
				<Option output="/Users/songl/OneDrive/TLE-analyzer/build-debug/analyzer" prefix_auto="0" extension_auto="0"/>
				<Option working_dir="/Users/songl/OneDrive/TLE-analyzer/build-debug"/>
				<Option object_output="./"/>
				<Option type="1"/>
				<Option compiler="gcc"/>
				<Compiler>
					<Add directory="/usr/local/opt/llvm/include"/>
					<Add directory="/Users/songl/OneDrive/TLE-analyzer/include"/>
					<Add directory="/Library/Developer/CommandLineTools/usr/include/c++/v1"/>
					<Add directory="/usr/local/include"/>
					<Add directory="/Library/Developer/CommandLineTools/usr/lib/clang/10.0.0/include"/>
					<Add directory="/Library/Developer/CommandLineTools/usr/include"/>
					<Add directory="/System/Library/Frameworks"/>
					<Add directory="/Library/Frameworks"/>
				</Compiler>
				<MakeCommands>
					<Build command="/usr/bin/make -j8 -f &quot;/Users/songl/OneDrive/TLE-analyzer/build-debug/src/Makefile&quot;  VERBOSE=1 analyzer"/>
					<CompileFile command="/usr/bin/make -j8 -f &quot;/Users/songl/OneDrive/TLE-analyzer/build-debug/src/Makefile&quot;  VERBOSE=1 &quot;$file&quot;"/>
					<Clean command="/usr/bin/make -j8 -f &quot;/Users/songl/OneDrive/TLE-analyzer/build-debug/src/Makefile&quot;  VERBOSE=1 clean"/>
					<DistClean command="/usr/bin/make -j8 -f &quot;/Users/songl/OneDrive/TLE-analyzer/build-debug/src/Makefile&quot;  VERBOSE=1 clean"/>
				</MakeCommands>
			</Target>
			<Target title="analyzer/fast">
				<Option output="/Users/songl/OneDrive/TLE-analyzer/build-debug/analyzer" prefix_auto="0" extension_auto="0"/>
				<Option working_dir="/Users/songl/OneDrive/TLE-analyzer/build-debug"/>
				<Option object_output="./"/>
				<Option type="1"/>
				<Option compiler="gcc"/>
				<Compiler>
					<Add directory="/usr/local/opt/llvm/include"/>
					<Add directory="/Users/songl/OneDrive/TLE-analyzer/include"/>
					<Add directory="/Library/Developer/CommandLineTools/usr/include/c++/v1"/>
					<Add directory="/usr/local/include"/>
					<Add directory="/Library/Developer/CommandLineTools/usr/lib/clang/10.0.0/include"/>
					<Add directory="/Library/Developer/CommandLineTools/usr/include"/>
					<Add directory="/System/Library/Frameworks"/>
					<Add directory="/Library/Frameworks"/>
				</Compiler>
				<MakeCommands>
					<Build command="/usr/bin/make -j8 -f &quot;/Users/songl/OneDrive/TLE-analyzer/build-debug/src/Makefile&quot;  VERBOSE=1 analyzer/fast"/>
					<CompileFile command="/usr/bin/make -j8 -f &quot;/Users/songl/OneDrive/TLE-analyzer/build-debug/src/Makefile&quot;  VERBOSE=1 &quot;$file&quot;"/>
					<Clean command="/usr/bin/make -j8 -f &quot;/Users/songl/OneDrive/TLE-analyzer/build-debug/src/Makefile&quot;  VERBOSE=1 clean"/>
					<DistClean command="/usr/bin/make -j8 -f &quot;/Users/songl/OneDrive/TLE-analyzer/build-debug/src/Makefile&quot;  VERBOSE=1 clean"/>
				</MakeCommands>
			</Target>
		</Build>
		<Unit filename="/Users/songl/OneDrive/TLE-analyzer/lib/blockContainer.cpp">
			<Option target="blockContainer"/>
		</Unit>
		<Unit filename="/Users/songl/OneDrive/TLE-analyzer/lib/loopEscape.cpp">
			<Option target="loopEscape"/>
		</Unit>
		<Unit filename="/Users/songl/OneDrive/TLE-analyzer/lib/loopFinder.cpp">
			<Option target="loopFinder"/>
		</Unit>
		<Unit filename="/Users/songl/OneDrive/TLE-analyzer/lib/moduleManager.cpp">
			<Option target="moduleManager"/>
		</Unit>
		<Unit filename="/Users/songl/OneDrive/TLE-analyzer/lib/util.cpp">
			<Option target="util"/>
		</Unit>
		<Unit filename="/Users/songl/OneDrive/TLE-analyzer/src/application.cpp">
			<Option target="analyzer"/>
		</Unit>
		<Unit filename="/Users/songl/OneDrive/TLE-analyzer/CMakeLists.txt">
			<Option virtualFolder="CMake Files\"/>
		</Unit>
		<Unit filename="/Users/songl/OneDrive/TLE-analyzer/lib/CMakeLists.txt">
			<Option virtualFolder="CMake Files\lib\"/>
		</Unit>
		<Unit filename="/Users/songl/OneDrive/TLE-analyzer/src/CMakeLists.txt">
			<Option virtualFolder="CMake Files\src\"/>
		</Unit>
	</Project>
</CodeBlocks_project_file>
